
Microsoft Visual Studio Solution File, Format Version 12.00
# Visual Studio Version 17
VisualStudioVersion = 17.1.32319.34
MinimumVisualStudioVersion = 10.0.40219.1
Project("{9A19103F-16F7-4668-BE54-9A1E7A4F7556}") = "Intermedia II", "Intermedia II\Intermedia II.csproj", "{D3D1C983-799E-4ACD-9A5D-D534B8D16364}"
EndProject
Project("{9A19103F-16F7-4668-BE54-9A1E7A4F7556}") = "operador implicito", "operador implicito\operador implicito.csproj", "{5EBDFAA5-128A-4CD6-A112-EDE3A425A003}"
EndProject
Project("{9A19103F-16F7-4668-BE54-9A1E7A4F7556}") = "valor_referencia", "valor_referencia\valor_referencia.csproj", "{016C5EE7-B9C0-4697-8F42-725B67A99F45}"
EndProject
Project("{9A19103F-16F7-4668-BE54-9A1E7A4F7556}") = "Colas,Listas,Diccionarios", "Colas,Listas,Diccionarios\Colas,Listas,Diccionarios.csproj", "{3EDD4C24-36B0-478E-9F32-33C882DB770B}"
EndProject
Project("{FAE04EC0-301F-11D3-BF4B-00C04F79EFBC}") = "Pilas", "Pilas\Pilas.csproj", "{2AE6AC6D-1D67-41ED-A620-C0429262FF24}"
EndProject
Global
	GlobalSection(SolutionConfigurationPlatforms) = preSolution
		Debug|Any CPU = Debug|Any CPU
		Release|Any CPU = Release|Any CPU
	EndGlobalSection
	GlobalSection(ProjectConfigurationPlatforms) = postSolution
		{D3D1C983-799E-4ACD-9A5D-D534B8D16364}.Debug|Any CPU.ActiveCfg = Debug|Any CPU
		{D3D1C983-799E-4ACD-9A5D-D534B8D16364}.Debug|Any CPU.Build.0 = Debug|Any CPU
		{D3D1C983-799E-4ACD-9A5D-D534B8D16364}.Release|Any CPU.ActiveCfg = Release|Any CPU
		{D3D1C983-799E-4ACD-9A5D-D534B8D16364}.Release|Any CPU.Build.0 = Release|Any CPU
		{5EBDFAA5-128A-4CD6-A112-EDE3A425A003}.Debug|Any CPU.ActiveCfg = Debug|Any CPU
		{5EBDFAA5-128A-4CD6-A112-EDE3A425A003}.Debug|Any CPU.Build.0 = Debug|Any CPU
		{5EBDFAA5-128A-4CD6-A112-EDE3A425A003}.Release|Any CPU.ActiveCfg = Release|Any CPU
		{5EBDFAA5-128A-4CD6-A112-EDE3A425A003}.Release|Any CPU.Build.0 = Release|Any CPU
		{016C5EE7-B9C0-4697-8F42-725B67A99F45}.Debug|Any CPU.ActiveCfg = Debug|Any CPU
		{016C5EE7-B9C0-4697-8F42-725B67A99F45}.Debug|Any CPU.Build.0 = Debug|Any CPU
		{016C5EE7-B9C0-4697-8F42-725B67A99F45}.Release|Any CPU.ActiveCfg = Release|Any CPU
		{016C5EE7-B9C0-4697-8F42-725B67A99F45}.Release|Any CPU.Build.0 = Release|Any CPU
		{3EDD4C24-36B0-478E-9F32-33C882DB770B}.Debug|Any CPU.ActiveCfg = Debug|Any CPU
		{3EDD4C24-36B0-478E-9F32-33C882DB770B}.Debug|Any CPU.Build.0 = Debug|Any CPU
		{3EDD4C24-36B0-478E-9F32-33C882DB770B}.Release|Any CPU.ActiveCfg = Release|Any CPU
		{3EDD4C24-36B0-478E-9F32-33C882DB770B}.Release|Any CPU.Build.0 = Release|Any CPU
		{2AE6AC6D-1D67-41ED-A620-C0429262FF24}.Debug|Any CPU.ActiveCfg = Debug|Any CPU
		{2AE6AC6D-1D67-41ED-A620-C0429262FF24}.Debug|Any CPU.Build.0 = Debug|Any CPU
		{2AE6AC6D-1D67-41ED-A620-C0429262FF24}.Release|Any CPU.ActiveCfg = Release|Any CPU
		{2AE6AC6D-1D67-41ED-A620-C0429262FF24}.Release|Any CPU.Build.0 = Release|Any CPU
	EndGlobalSection
	GlobalSection(SolutionProperties) = preSolution
		HideSolutionNode = FALSE
	EndGlobalSection
	GlobalSection(ExtensibilityGlobals) = postSolution
		SolutionGuid = {FDF4F5FF-8CAD-4CBD-8E32-6B0EE4FE30BC}
	EndGlobalSection
EndGlobal
